
Microsoft Visual Studio Solution File, Format Version 12.00
# Visual Studio Version 16
VisualStudioVersion = 16.0.29519.87
MinimumVisualStudioVersion = 10.0.40219.1
Project("{FAE04EC0-301F-11D3-BF4B-00C04F79EFBC}") = "ParallelProjects", "ParallelProjects\ParallelProjects.csproj", "{230087EB-1600-40F1-9281-D38D6C1018A6}"
EndProject
Global
	GlobalSection(SolutionConfigurationPlatforms) = preSolution
		Debug|Any CPU = Debug|Any CPU
		Release|Any CPU = Release|Any CPU
	EndGlobalSection
	GlobalSection(ProjectConfigurationPlatforms) = postSolution
		{230087EB-1600-40F1-9281-D38D6C1018A6}.Debug|Any CPU.ActiveCfg = Debug|Any CPU
		{230087EB-1600-40F1-9281-D38D6C1018A6}.Debug|Any CPU.Build.0 = Debug|Any CPU
		{230087EB-1600-40F1-9281-D38D6C1018A6}.Release|Any CPU.ActiveCfg = Release|Any CPU
		{230087EB-1600-40F1-9281-D38D6C1018A6}.Release|Any CPU.Build.0 = Release|Any CPU
	EndGlobalSection
	GlobalSection(SolutionProperties) = preSolution
		HideSolutionNode = FALSE
	EndGlobalSection
	GlobalSection(ExtensibilityGlobals) = postSolution
		SolutionGuid = {2CAE8142-FCBE-4D61-B67F-380C10FFE1C8}
	EndGlobalSection
EndGlobal
